
Microsoft Visual Studio Solution File, Format Version 12.00
# Visual Studio Version 17
VisualStudioVersion = 17.0.32112.339
MinimumVisualStudioVersion = 10.0.40219.1
Project("{FAE04EC0-301F-11D3-BF4B-00C04F79EFBC}") = "KentBeckTDDSampleCode", "KentBeckTDDSampleCode.csproj", "{EA55406F-6E01-4600-8603-7ADB0E16BABD}"
EndProject
Global
	GlobalSection(SolutionConfigurationPlatforms) = preSolution
		Debug|Any CPU = Debug|Any CPU
		Release|Any CPU = Release|Any CPU
	EndGlobalSection
	GlobalSection(ProjectConfigurationPlatforms) = postSolution
		{EA55406F-6E01-4600-8603-7ADB0E16BABD}.Debug|Any CPU.ActiveCfg = Debug|Any CPU
		{EA55406F-6E01-4600-8603-7ADB0E16BABD}.Debug|Any CPU.Build.0 = Debug|Any CPU
		{EA55406F-6E01-4600-8603-7ADB0E16BABD}.Release|Any CPU.ActiveCfg = Release|Any CPU
		{EA55406F-6E01-4600-8603-7ADB0E16BABD}.Release|Any CPU.Build.0 = Release|Any CPU
	EndGlobalSection
	GlobalSection(SolutionProperties) = preSolution
		HideSolutionNode = FALSE
	EndGlobalSection
	GlobalSection(ExtensibilityGlobals) = postSolution
		SolutionGuid = {B37F603F-0B47-4428-BF5C-14717FDD2817}
	EndGlobalSection
EndGlobal
